// !$*UTF8*$!
{
	archiveVersion = 1;
	classes = {
	};
	objectVersion = 50;
	objects = {

/* Begin PBXBuildFile section */
		6D2670532399571200D08F77 /* AppDelegate.swift in Sources */ = {isa = PBXBuildFile; fileRef = 6D2670522399571200D08F77 /* AppDelegate.swift */; };
		6D2670552399571200D08F77 /* SceneDelegate.swift in Sources */ = {isa = PBXBuildFile; fileRef = 6D2670542399571200D08F77 /* SceneDelegate.swift */; };
		6D2670572399571200D08F77 /* MainViewController.swift in Sources */ = {isa = PBXBuildFile; fileRef = 6D2670562399571200D08F77 /* MainViewController.swift */; };
		6D26705A2399571200D08F77 /* Main.storyboard in Resources */ = {isa = PBXBuildFile; fileRef = 6D2670582399571200D08F77 /* Main.storyboard */; };
		6D26705C2399571300D08F77 /* Assets.xcassets in Resources */ = {isa = PBXBuildFile; fileRef = 6D26705B2399571300D08F77 /* Assets.xcassets */; };
		6D26705F2399571300D08F77 /* LaunchScreen.storyboard in Resources */ = {isa = PBXBuildFile; fileRef = 6D26705D2399571300D08F77 /* LaunchScreen.storyboard */; };
		6D26706923995EB500D08F77 /* Contatcs.swift in Sources */ = {isa = PBXBuildFile; fileRef = 6D26706823995EB500D08F77 /* Contatcs.swift */; };
		6D26706B2399668400D08F77 /* Database.swift in Sources */ = {isa = PBXBuildFile; fileRef = 6D26706A2399668400D08F77 /* Database.swift */; };
		6D26706E239970B400D08F77 /* AddContactViewController.swift in Sources */ = {isa = PBXBuildFile; fileRef = 6D26706D239970B400D08F77 /* AddContactViewController.swift */; };
/* End PBXBuildFile section */

/* Begin PBXFileReference section */
		6D26704F2399571200D08F77 /* SqliteApp.app */ = {isa = PBXFileReference; explicitFileType = wrapper.application; includeInIndex = 0; path = SqliteApp.app; sourceTree = BUILT_PRODUCTS_DIR; };
		6D2670522399571200D08F77 /* AppDelegate.swift */ = {isa = PBXFileReference; lastKnownFileType = sourcecode.swift; path = AppDelegate.swift; sourceTree = "<group>"; };
		6D2670542399571200D08F77 /* SceneDelegate.swift */ = {isa = PBXFileReference; lastKnownFileType = sourcecode.swift; path = SceneDelegate.swift; sourceTree = "<group>"; };
		6D2670562399571200D08F77 /* MainViewController.swift */ = {isa = PBXFileReference; lastKnownFileType = sourcecode.swift; path = MainViewController.swift; sourceTree = "<group>"; };
		6D2670592399571200D08F77 /* Base */ = {isa = PBXFileReference; lastKnownFileType = file.storyboard; name = Base; path = Base.lproj/Main.storyboard; sourceTree = "<group>"; };
		6D26705B2399571300D08F77 /* Assets.xcassets */ = {isa = PBXFileReference; lastKnownFileType = folder.assetcatalog; path = Assets.xcassets; sourceTree = "<group>"; };
		6D26705E2399571300D08F77 /* Base */ = {isa = PBXFileReference; lastKnownFileType = file.storyboard; name = Base; path = Base.lproj/LaunchScreen.storyboard; sourceTree = "<group>"; };
		6D2670602399571300D08F77 /* Info.plist */ = {isa = PBXFileReference; lastKnownFileType = text.plist.xml; path = Info.plist; sourceTree = "<group>"; };
		6D26706823995EB500D08F77 /* Contatcs.swift */ = {isa = PBXFileReference; lastKnownFileType = sourcecode.swift; path = Contatcs.swift; sourceTree = "<group>"; };
		6D26706A2399668400D08F77 /* Database.swift */ = {isa = PBXFileReference; lastKnownFileType = sourcecode.swift; path = Database.swift; sourceTree = "<group>"; };
		6D26706D239970B400D08F77 /* AddContactViewController.swift */ = {isa = PBXFileReference; lastKnownFileType = sourcecode.swift; path = AddContactViewController.swift; sourceTree = "<group>"; };
/* End PBXFileReference section */

/* Begin PBXFrameworksBuildPhase section */
		6D26704C2399571200D08F77 /* Frameworks */ = {
			isa = PBXFrameworksBuildPhase;
			buildActionMask = 2147483647;
			files = (
			);
			runOnlyForDeploymentPostprocessing = 0;
		};
/* End PBXFrameworksBuildPhase section */

/* Begin PBXGroup section */
		6D2670462399571200D08F77 = {
			isa = PBXGroup;
			children = (
				6D26706C23996BAF00D08F77 /* Controllers */,
				6D26706723995E9500D08F77 /* Model */,
				6D2670512399571200D08F77 /* SqliteApp */,
				6D2670502399571200D08F77 /* Products */,
			);
			sourceTree = "<group>";
		};
		6D2670502399571200D08F77 /* Products */ = {
			isa = PBXGroup;
			children = (
				6D26704F2399571200D08F77 /* SqliteApp.app */,
			);
			name = Products;
			sourceTree = "<group>";
		};
		6D2670512399571200D08F77 /* SqliteApp */ = {
			isa = PBXGroup;
			children = (
				6D26706A2399668400D08F77 /* Database.swift */,
				6D26706823995EB500D08F77 /* Contatcs.swift */,
				6D2670522399571200D08F77 /* AppDelegate.swift */,
				6D2670542399571200D08F77 /* SceneDelegate.swift */,
				6D2670562399571200D08F77 /* MainViewController.swift */,
				6D26706D239970B400D08F77 /* AddContactViewController.swift */,
				6D2670582399571200D08F77 /* Main.storyboard */,
				6D26705B2399571300D08F77 /* Assets.xcassets */,
				6D26705D2399571300D08F77 /* LaunchScreen.storyboard */,
				6D2670602399571300D08F77 /* Info.plist */,
			);
			path = SqliteApp;
			sourceTree = "<group>";
		};
		6D26706723995E9500D08F77 /* Model */ = {
			isa = PBXGroup;
			children = (
			);
			path = Model;
			sourceTree = "<group>";
		};
		6D26706C23996BAF00D08F77 /* Controllers */ = {
			isa = PBXGroup;
			children = (
			);
			path = Controllers;
			sourceTree = "<group>";
		};
/* End PBXGroup section */

/* Begin PBXNativeTarget section */
		6D26704E2399571200D08F77 /* SqliteApp */ = {
			isa = PBXNativeTarget;
			buildConfigurationList = 6D2670632399571300D08F77 /* Build configuration list for PBXNativeTarget "SqliteApp" */;
			buildPhases = (
				6D26704B2399571200D08F77 /* Sources */,
				6D26704C2399571200D08F77 /* Frameworks */,
				6D26704D2399571200D08F77 /* Resources */,
			);
			buildRules = (
			);
			dependencies = (
			);
			name = SqliteApp;
			productName = SqliteApp;
			productReference = 6D26704F2399571200D08F77 /* SqliteApp.app */;
			productType = "com.apple.product-type.application";
		};
/* End PBXNativeTarget section */

/* Begin PBXProject section */
		6D2670472399571200D08F77 /* Project object */ = {
			isa = PBXProject;
			attributes = {
				LastSwiftUpdateCheck = 1130;
				LastUpgradeCheck = 1130;
				ORGANIZATIONNAME = Brahmastra;
				TargetAttributes = {
					6D26704E2399571200D08F77 = {
						CreatedOnToolsVersion = 11.3;
					};
				};
			};
			buildConfigurationList = 6D26704A2399571200D08F77 /* Build configuration list for PBXProject "SqliteApp" */;
			compatibilityVersion = "Xcode 9.3";
			developmentRegion = en;
			hasScannedForEncodings = 0;
			knownRegions = (
				en,
				Base,
			);
			mainGroup = 6D2670462399571200D08F77;
			productRefGroup = 6D2670502399571200D08F77 /* Products */;
			projectDirPath = "";
			projectRoot = "";
			targets = (
				6D26704E2399571200D08F77 /* SqliteApp */,
			);
		};
/* End PBXProject section */

/* Begin PBXResourcesBuildPhase section */
		6D26704D2399571200D08F77 /* Resources */ = {
			isa = PBXResourcesBuildPhase;
			buildActionMask = 2147483647;
			files = (
				6D26705F2399571300D08F77 /* LaunchScreen.storyboard in Resources */,
				6D26705C2399571300D08F77 /* Assets.xcassets in Resources */,
				6D26705A2399571200D08F77 /* Main.storyboard in Resources */,
			);
			runOnlyForDeploymentPostprocessing = 0;
		};
/* End PBXResourcesBuildPhase section */

/* Begin PBXSourcesBuildPhase section */
		6D26704B2399571200D08F77 /* Sources */ = {
			isa = PBXSourcesBuildPhase;
			buildActionMask = 2147483647;
			files = (
				6D26706923995EB500D08F77 /* Contatcs.swift in Sources */,
				6D2670572399571200D08F77 /* MainViewController.swift in Sources */,
				6D2670532399571200D08F77 /* AppDelegate.swift in Sources */,
				6D26706E239970B400D08F77 /* AddContactViewController.swift in Sources */,
				6D26706B2399668400D08F77 /* Database.swift in Sources */,
				6D2670552399571200D08F77 /* SceneDelegate.swift in Sources */,
			);
			runOnlyForDeploymentPostprocessing = 0;
		};
/* End PBXSourcesBuildPhase section */

/* Begin PBXVariantGroup section */
		6D2670582399571200D08F77 /* Main.storyboard */ = {
			isa = PBXVariantGroup;
			children = (
				6D2670592399571200D08F77 /* Base */,
			);
			name = Main.storyboard;
			sourceTree = "<group>";
		};
		6D26705D2399571300D08F77 /* LaunchScreen.storyboard */ = {
			isa = PBXVariantGroup;
			children = (
				6D26705E2399571300D08F77 /* Base */,
			);
			name = LaunchScreen.storyboard;
			sourceTree = "<group>";
		};
/* End PBXVariantGroup section */

/* Begin XCBuildConfiguration section */
		6D2670612399571300D08F77 /* Debug */ = {
			isa = XCBuildConfiguration;
			buildSettings = {
				ALWAYS_SEARCH_USER_PATHS = NO;
				CLANG_ANALYZER_NONNULL = YES;
				CLANG_ANALYZER_NUMBER_OBJECT_CONVERSION = YES_AGGRESSIVE;
				CLANG_CXX_LANGUAGE_STANDARD = "gnu++14";
				CLANG_CXX_LIBRARY = "libc++";
				CLANG_ENABLE_MODULES = YES;
				CLANG_ENABLE_OBJC_ARC = YES;
				CLANG_ENABLE_OBJC_WEAK = YES;
				CLANG_WARN_BLOCK_CAPTURE_AUTORELEASING = YES;
				CLANG_WARN_BOOL_CONVERSION = YES;
				CLANG_WARN_COMMA = YES;
				CLANG_WARN_CONSTANT_CONVERSION = YES;
				CLANG_WARN_DEPRECATED_OBJC_IMPLEMENTATIONS = YES;
				CLANG_WARN_DIRECT_OBJC_ISA_USAGE = YES_ERROR;
				CLANG_WARN_DOCUMENTATION_COMMENTS = YES;
				CLANG_WARN_EMPTY_BODY = YES;
				CLANG_WARN_ENUM_CONVERSION = YES;
				CLANG_WARN_INFINITE_RECURSION = YES;
				CLANG_WARN_INT_CONVERSION = YES;
				CLANG_WARN_NON_LITERAL_NULL_CONVERSION = YES;
				CLANG_WARN_OBJC_IMPLICIT_RETAIN_SELF = YES;
				CLANG_WARN_OBJC_LITERAL_CONVERSION = YES;
				CLANG_WARN_OBJC_ROOT_CLASS = YES_ERROR;
				CLANG_WARN_RANGE_LOOP_ANALYSIS = YES;
				CLANG_WARN_STRICT_PROTOTYPES = YES;
				CLANG_WARN_SUSPICIOUS_MOVE = YES;
				CLANG_WARN_UNGUARDED_AVAILABILITY = YES_AGGRESSIVE;
				CLANG_WARN_UNREACHABLE_CODE = YES;
				CLANG_WARN__DUPLICATE_METHOD_MATCH = YES;
				COPY_PHASE_STRIP = NO;
				DEBUG_INFORMATION_FORMAT = dwarf;
				ENABLE_STRICT_OBJC_MSGSEND = YES;
				ENABLE_TESTABILITY = YES;
				GCC_C_LANGUAGE_STANDARD = gnu11;
				GCC_DYNAMIC_NO_PIC = NO;
				GCC_NO_COMMON_BLOCKS = YES;
				GCC_OPTIMIZATION_LEVEL = 0;
				GCC_PREPROCESSOR_DEFINITIONS = (
					"DEBUG=1",
					"$(inherited)",
				);
				GCC_WARN_64_TO_32_BIT_CONVERSION = YES;
				GCC_WARN_ABOUT_RETURN_TYPE = YES_ERROR;
				GCC_WARN_UNDECLARED_SELECTOR = YES;
				GCC_WARN_UNINITIALIZED_AUTOS = YES_AGGRESSIVE;
				GCC_WARN_UNUSED_FUNCTION = YES;
				GCC_WARN_UNUSED_VARIABLE = YES;
				IPHONEOS_DEPLOYMENT_TARGET = 13.2;
				MTL_ENABLE_DEBUG_INFO = INCLUDE_SOURCE;
				MTL_FAST_MATH = YES;
				ONLY_ACTIVE_ARCH = YES;
				SDKROOT = iphoneos;
				SWIFT_ACTIVE_COMPILATION_CONDITIONS = DEBUG;
				SWIFT_OPTIMIZATION_LEVEL = "-Onone";
			};
			name = Debug;
		};
		6D2670622399571300D08F77 /* Release */ = {
			isa = XCBuildConfiguration;
			buildSettings = {
				ALWAYS_SEARCH_USER_PATHS = NO;
				CLANG_ANALYZER_NONNULL = YES;
				CLANG_ANALYZER_NUMBER_OBJECT_CONVERSION = YES_AGGRESSIVE;
				CLANG_CXX_LANGUAGE_STANDARD = "gnu++14";
				CLANG_CXX_LIBRARY = "libc++";
				CLANG_ENABLE_MODULES = YES;
				CLANG_ENABLE_OBJC_ARC = YES;
				CLANG_ENABLE_OBJC_WEAK = YES;
				CLANG_WARN_BLOCK_CAPTURE_AUTORELEASING = YES;
				CLANG_WARN_BOOL_CONVERSION = YES;
				CLANG_WARN_COMMA = YES;
				CLANG_WARN_CONSTANT_CONVERSION = YES;
				CLANG_WARN_DEPRECATED_OBJC_IMPLEMENTATIONS = YES;
				CLANG_WARN_DIRECT_OBJC_ISA_USAGE = YES_ERROR;
				CLANG_WARN_DOCUMENTATION_COMMENTS = YES;
				CLANG_WARN_EMPTY_BODY = YES;
				CLANG_WARN_ENUM_CONVERSION = YES;
				CLANG_WARN_INFINITE_RECURSION = YES;
				CLANG_WARN_INT_CONVERSION = YES;
				CLANG_WARN_NON_LITERAL_NULL_CONVERSION = YES;
				CLANG_WARN_OBJC_IMPLICIT_RETAIN_SELF = YES;
				CLANG_WARN_OBJC_LITERAL_CONVERSION = YES;
				CLANG_WARN_OBJC_ROOT_CLASS = YES_ERROR;
				CLANG_WARN_RANGE_LOOP_ANALYSIS = YES;
				CLANG_WARN_STRICT_PROTOTYPES = YES;
				CLANG_WARN_SUSPICIOUS_MOVE = YES;
				CLANG_WARN_UNGUARDED_AVAILABILITY = YES_AGGRESSIVE;
				CLANG_WARN_UNREACHABLE_CODE = YES;
				CLANG_WARN__DUPLICATE_METHOD_MATCH = YES;
				COPY_PHASE_STRIP = NO;
				DEBUG_INFORMATION_FORMAT = "dwarf-with-dsym";
				ENABLE_NS_ASSERTIONS = NO;
				ENABLE_STRICT_OBJC_MSGSEND = YES;
				GCC_C_LANGUAGE_STANDARD = gnu11;
				GCC_NO_COMMON_BLOCKS = YES;
				GCC_WARN_64_TO_32_BIT_CONVERSION = YES;
				GCC_WARN_ABOUT_RETURN_TYPE = YES_ERROR;
				GCC_WARN_UNDECLARED_SELECTOR = YES;
				GCC_WARN_UNINITIALIZED_AUTOS = YES_AGGRESSIVE;
				GCC_WARN_UNUSED_FUNCTION = YES;
				GCC_WARN_UNUSED_VARIABLE = YES;
				IPHONEOS_DEPLOYMENT_TARGET = 13.2;
				MTL_ENABLE_DEBUG_INFO = NO;
				MTL_FAST_MATH = YES;
				SDKROOT = iphoneos;
				SWIFT_COMPILATION_MODE = wholemodule;
				SWIFT_OPTIMIZATION_LEVEL = "-O";
				VALIDATE_PRODUCT = YES;
			};
			name = Release;
		};
		6D2670642399571300D08F77 /* Debug */ = {
			isa = XCBuildConfiguration;
			buildSettings = {
				ASSETCATALOG_COMPILER_APPICON_NAME = AppIcon;
				CODE_SIGN_STYLE = Automatic;
				INFOPLIST_FILE = SqliteApp/Info.plist;
				LD_RUNPATH_SEARCH_PATHS = (
					"$(inherited)",
					"@executable_path/Frameworks",
				);
				PRODUCT_BUNDLE_IDENTIFIER = DefineLab.SqliteApp;
				PRODUCT_NAME = "$(TARGET_NAME)";
				SWIFT_VERSION = 5.0;
				TARGETED_DEVICE_FAMILY = "1,2";
			};
			name = Debug;
		};
		6D2670652399571300D08F77 /* Release */ = {
			isa = XCBuildConfiguration;
			buildSettings = {
				ASSETCATALOG_COMPILER_APPICON_NAME = AppIcon;
				CODE_SIGN_STYLE = Automatic;
				INFOPLIST_FILE = SqliteApp/Info.plist;
				LD_RUNPATH_SEARCH_PATHS = (
					"$(inherited)",
					"@executable_path/Frameworks",
				);
				PRODUCT_BUNDLE_IDENTIFIER = DefineLab.SqliteApp;
				PRODUCT_NAME = "$(TARGET_NAME)";
				SWIFT_VERSION = 5.0;
				TARGETED_DEVICE_FAMILY = "1,2";
			};
			name = Release;
		};
/* End XCBuildConfiguration section */

/* Begin XCConfigurationList section */
		6D26704A2399571200D08F77 /* Build configuration list for PBXProject "SqliteApp" */ = {
			isa = XCConfigurationList;
			buildConfigurations = (
				6D2670612399571300D08F77 /* Debug */,
				6D2670622399571300D08F77 /* Release */,
			);
			defaultConfigurationIsVisible = 0;
			defaultConfigurationName = Release;
		};
		6D2670632399571300D08F77 /* Build configuration list for PBXNativeTarget "SqliteApp" */ = {
			isa = XCConfigurationList;
			buildConfigurations = (
				6D2670642399571300D08F77 /* Debug */,
				6D2670652399571300D08F77 /* Release */,
			);
			defaultConfigurationIsVisible = 0;
			defaultConfigurationName = Release;
		};
/* End XCConfigurationList section */
	};
	rootObject = 6D2670472399571200D08F77 /* Project object */;
}
