// !$*UTF8*$!
{
	archiveVersion = 1;
	classes = {
	};
	objectVersion = 50;
	objects = {

/* Begin PBXBuildFile section */
		6D59E067239E9E79007BF21F /* Student+CoreDataClass.swift in Sources */ = {isa = PBXBuildFile; fileRef = 6D59E065239E9E79007BF21F /* Student+CoreDataClass.swift */; };
		6D59E068239E9E79007BF21F /* Student+CoreDataProperties.swift in Sources */ = {isa = PBXBuildFile; fileRef = 6D59E066239E9E79007BF21F /* Student+CoreDataProperties.swift */; };
		6D59E06D239EA27A007BF21F /* CoreData.framework in Frameworks */ = {isa = PBXBuildFile; fileRef = 6D59E06C239EA27A007BF21F /* CoreData.framework */; };
		6D59E070239EA50A007BF21F /* StudentViewController.swift in Sources */ = {isa = PBXBuildFile; fileRef = 6D59E06F239EA50A007BF21F /* StudentViewController.swift */; };
		6D59E072239EA614007BF21F /* DatabaseHelper.swift in Sources */ = {isa = PBXBuildFile; fileRef = 6D59E071239EA614007BF21F /* DatabaseHelper.swift */; };
		6D850329239BFA8B003EDEEA /* AppDelegate.swift in Sources */ = {isa = PBXBuildFile; fileRef = 6D850328239BFA8B003EDEEA /* AppDelegate.swift */; };
		6D85032B239BFA8B003EDEEA /* ViewController.swift in Sources */ = {isa = PBXBuildFile; fileRef = 6D85032A239BFA8B003EDEEA /* ViewController.swift */; };
		6D85032E239BFA8B003EDEEA /* Main.storyboard in Resources */ = {isa = PBXBuildFile; fileRef = 6D85032C239BFA8B003EDEEA /* Main.storyboard */; };
		6D850331239BFA8B003EDEEA /* CoredataApp.xcdatamodeld in Sources */ = {isa = PBXBuildFile; fileRef = 6D85032F239BFA8B003EDEEA /* CoredataApp.xcdatamodeld */; };
		6D850333239BFA8D003EDEEA /* Assets.xcassets in Resources */ = {isa = PBXBuildFile; fileRef = 6D850332239BFA8D003EDEEA /* Assets.xcassets */; };
		6D850336239BFA8D003EDEEA /* LaunchScreen.storyboard in Resources */ = {isa = PBXBuildFile; fileRef = 6D850334239BFA8D003EDEEA /* LaunchScreen.storyboard */; };
		6DD0CA25239F9D0E009B65A4 /* AlertMsg.swift in Sources */ = {isa = PBXBuildFile; fileRef = 6DD0CA24239F9D0E009B65A4 /* AlertMsg.swift */; };
		6DD0CA27239FA186009B65A4 /* StudentListViewController.swift in Sources */ = {isa = PBXBuildFile; fileRef = 6DD0CA26239FA186009B65A4 /* StudentListViewController.swift */; };
		6DD0CA29239FA219009B65A4 /* StudentTableViewCell.swift in Sources */ = {isa = PBXBuildFile; fileRef = 6DD0CA28239FA219009B65A4 /* StudentTableViewCell.swift */; };
/* End PBXBuildFile section */

/* Begin PBXFileReference section */
		6D59E065239E9E79007BF21F /* Student+CoreDataClass.swift */ = {isa = PBXFileReference; lastKnownFileType = sourcecode.swift; path = "Student+CoreDataClass.swift"; sourceTree = "<group>"; };
		6D59E066239E9E79007BF21F /* Student+CoreDataProperties.swift */ = {isa = PBXFileReference; lastKnownFileType = sourcecode.swift; path = "Student+CoreDataProperties.swift"; sourceTree = "<group>"; };
		6D59E06C239EA27A007BF21F /* CoreData.framework */ = {isa = PBXFileReference; lastKnownFileType = wrapper.framework; name = CoreData.framework; path = System/Library/Frameworks/CoreData.framework; sourceTree = SDKROOT; };
		6D59E06F239EA50A007BF21F /* StudentViewController.swift */ = {isa = PBXFileReference; lastKnownFileType = sourcecode.swift; path = StudentViewController.swift; sourceTree = "<group>"; };
		6D59E071239EA614007BF21F /* DatabaseHelper.swift */ = {isa = PBXFileReference; lastKnownFileType = sourcecode.swift; path = DatabaseHelper.swift; sourceTree = "<group>"; };
		6D850325239BFA8B003EDEEA /* CoredataApp.app */ = {isa = PBXFileReference; explicitFileType = wrapper.application; includeInIndex = 0; path = CoredataApp.app; sourceTree = BUILT_PRODUCTS_DIR; };
		6D850328239BFA8B003EDEEA /* AppDelegate.swift */ = {isa = PBXFileReference; lastKnownFileType = sourcecode.swift; path = AppDelegate.swift; sourceTree = "<group>"; };
		6D85032A239BFA8B003EDEEA /* ViewController.swift */ = {isa = PBXFileReference; lastKnownFileType = sourcecode.swift; path = ViewController.swift; sourceTree = "<group>"; };
		6D85032D239BFA8B003EDEEA /* Base */ = {isa = PBXFileReference; lastKnownFileType = file.storyboard; name = Base; path = Base.lproj/Main.storyboard; sourceTree = "<group>"; };
		6D850330239BFA8B003EDEEA /* CoredataApp.xcdatamodel */ = {isa = PBXFileReference; lastKnownFileType = wrapper.xcdatamodel; path = CoredataApp.xcdatamodel; sourceTree = "<group>"; };
		6D850332239BFA8D003EDEEA /* Assets.xcassets */ = {isa = PBXFileReference; lastKnownFileType = folder.assetcatalog; path = Assets.xcassets; sourceTree = "<group>"; };
		6D850335239BFA8D003EDEEA /* Base */ = {isa = PBXFileReference; lastKnownFileType = file.storyboard; name = Base; path = Base.lproj/LaunchScreen.storyboard; sourceTree = "<group>"; };
		6D850337239BFA8D003EDEEA /* Info.plist */ = {isa = PBXFileReference; lastKnownFileType = text.plist.xml; path = Info.plist; sourceTree = "<group>"; };
		6DD0CA24239F9D0E009B65A4 /* AlertMsg.swift */ = {isa = PBXFileReference; lastKnownFileType = sourcecode.swift; path = AlertMsg.swift; sourceTree = "<group>"; };
		6DD0CA26239FA186009B65A4 /* StudentListViewController.swift */ = {isa = PBXFileReference; lastKnownFileType = sourcecode.swift; path = StudentListViewController.swift; sourceTree = "<group>"; };
		6DD0CA28239FA219009B65A4 /* StudentTableViewCell.swift */ = {isa = PBXFileReference; lastKnownFileType = sourcecode.swift; path = StudentTableViewCell.swift; sourceTree = "<group>"; };
/* End PBXFileReference section */

/* Begin PBXFrameworksBuildPhase section */
		6D850322239BFA8B003EDEEA /* Frameworks */ = {
			isa = PBXFrameworksBuildPhase;
			buildActionMask = 2147483647;
			files = (
				6D59E06D239EA27A007BF21F /* CoreData.framework in Frameworks */,
			);
			runOnlyForDeploymentPostprocessing = 0;
		};
/* End PBXFrameworksBuildPhase section */

/* Begin PBXGroup section */
		6D59E06A239E9F00007BF21F /* CoreData Objecta */ = {
			isa = PBXGroup;
			children = (
				6D59E065239E9E79007BF21F /* Student+CoreDataClass.swift */,
				6D59E066239E9E79007BF21F /* Student+CoreDataProperties.swift */,
			);
			path = "CoreData Objecta";
			sourceTree = "<group>";
		};
		6D59E06B239EA27A007BF21F /* Frameworks */ = {
			isa = PBXGroup;
			children = (
				6D59E06C239EA27A007BF21F /* CoreData.framework */,
			);
			name = Frameworks;
			sourceTree = "<group>";
		};
		6D59E06E239EA4EF007BF21F /* Student */ = {
			isa = PBXGroup;
			children = (
				6D59E06F239EA50A007BF21F /* StudentViewController.swift */,
				6D59E071239EA614007BF21F /* DatabaseHelper.swift */,
				6DD0CA24239F9D0E009B65A4 /* AlertMsg.swift */,
				6DD0CA26239FA186009B65A4 /* StudentListViewController.swift */,
				6DD0CA28239FA219009B65A4 /* StudentTableViewCell.swift */,
			);
			path = Student;
			sourceTree = "<group>";
		};
		6D85031C239BFA8B003EDEEA = {
			isa = PBXGroup;
			children = (
				6D850327239BFA8B003EDEEA /* CoredataApp */,
				6D850326239BFA8B003EDEEA /* Products */,
				6D59E06B239EA27A007BF21F /* Frameworks */,
			);
			sourceTree = "<group>";
		};
		6D850326239BFA8B003EDEEA /* Products */ = {
			isa = PBXGroup;
			children = (
				6D850325239BFA8B003EDEEA /* CoredataApp.app */,
			);
			name = Products;
			sourceTree = "<group>";
		};
		6D850327239BFA8B003EDEEA /* CoredataApp */ = {
			isa = PBXGroup;
			children = (
				6D59E06E239EA4EF007BF21F /* Student */,
				6D59E06A239E9F00007BF21F /* CoreData Objecta */,
				6D850328239BFA8B003EDEEA /* AppDelegate.swift */,
				6D85032A239BFA8B003EDEEA /* ViewController.swift */,
				6D85032C239BFA8B003EDEEA /* Main.storyboard */,
				6D850332239BFA8D003EDEEA /* Assets.xcassets */,
				6D850334239BFA8D003EDEEA /* LaunchScreen.storyboard */,
				6D850337239BFA8D003EDEEA /* Info.plist */,
				6D85032F239BFA8B003EDEEA /* CoredataApp.xcdatamodeld */,
			);
			path = CoredataApp;
			sourceTree = "<group>";
		};
/* End PBXGroup section */

/* Begin PBXNativeTarget section */
		6D850324239BFA8B003EDEEA /* CoredataApp */ = {
			isa = PBXNativeTarget;
			buildConfigurationList = 6D85033A239BFA8D003EDEEA /* Build configuration list for PBXNativeTarget "CoredataApp" */;
			buildPhases = (
				6D850321239BFA8B003EDEEA /* Sources */,
				6D850322239BFA8B003EDEEA /* Frameworks */,
				6D850323239BFA8B003EDEEA /* Resources */,
			);
			buildRules = (
			);
			dependencies = (
			);
			name = CoredataApp;
			productName = CoredataApp;
			productReference = 6D850325239BFA8B003EDEEA /* CoredataApp.app */;
			productType = "com.apple.product-type.application";
		};
/* End PBXNativeTarget section */

/* Begin PBXProject section */
		6D85031D239BFA8B003EDEEA /* Project object */ = {
			isa = PBXProject;
			attributes = {
				LastSwiftUpdateCheck = 1030;
				LastUpgradeCheck = 1030;
				ORGANIZATIONNAME = Brahmastra;
				TargetAttributes = {
					6D850324239BFA8B003EDEEA = {
						CreatedOnToolsVersion = 10.3;
					};
				};
			};
			buildConfigurationList = 6D850320239BFA8B003EDEEA /* Build configuration list for PBXProject "CoredataApp" */;
			compatibilityVersion = "Xcode 9.3";
			developmentRegion = en;
			hasScannedForEncodings = 0;
			knownRegions = (
				en,
				Base,
			);
			mainGroup = 6D85031C239BFA8B003EDEEA;
			productRefGroup = 6D850326239BFA8B003EDEEA /* Products */;
			projectDirPath = "";
			projectRoot = "";
			targets = (
				6D850324239BFA8B003EDEEA /* CoredataApp */,
			);
		};
/* End PBXProject section */

/* Begin PBXResourcesBuildPhase section */
		6D850323239BFA8B003EDEEA /* Resources */ = {
			isa = PBXResourcesBuildPhase;
			buildActionMask = 2147483647;
			files = (
				6D850336239BFA8D003EDEEA /* LaunchScreen.storyboard in Resources */,
				6D850333239BFA8D003EDEEA /* Assets.xcassets in Resources */,
				6D85032E239BFA8B003EDEEA /* Main.storyboard in Resources */,
			);
			runOnlyForDeploymentPostprocessing = 0;
		};
/* End PBXResourcesBuildPhase section */

/* Begin PBXSourcesBuildPhase section */
		6D850321239BFA8B003EDEEA /* Sources */ = {
			isa = PBXSourcesBuildPhase;
			buildActionMask = 2147483647;
			files = (
				6DD0CA25239F9D0E009B65A4 /* AlertMsg.swift in Sources */,
				6DD0CA29239FA219009B65A4 /* StudentTableViewCell.swift in Sources */,
				6DD0CA27239FA186009B65A4 /* StudentListViewController.swift in Sources */,
				6D59E070239EA50A007BF21F /* StudentViewController.swift in Sources */,
				6D85032B239BFA8B003EDEEA /* ViewController.swift in Sources */,
				6D59E067239E9E79007BF21F /* Student+CoreDataClass.swift in Sources */,
				6D59E072239EA614007BF21F /* DatabaseHelper.swift in Sources */,
				6D850329239BFA8B003EDEEA /* AppDelegate.swift in Sources */,
				6D850331239BFA8B003EDEEA /* CoredataApp.xcdatamodeld in Sources */,
				6D59E068239E9E79007BF21F /* Student+CoreDataProperties.swift in Sources */,
			);
			runOnlyForDeploymentPostprocessing = 0;
		};
/* End PBXSourcesBuildPhase section */

/* Begin PBXVariantGroup section */
		6D85032C239BFA8B003EDEEA /* Main.storyboard */ = {
			isa = PBXVariantGroup;
			children = (
				6D85032D239BFA8B003EDEEA /* Base */,
			);
			name = Main.storyboard;
			sourceTree = "<group>";
		};
		6D850334239BFA8D003EDEEA /* LaunchScreen.storyboard */ = {
			isa = PBXVariantGroup;
			children = (
				6D850335239BFA8D003EDEEA /* Base */,
			);
			name = LaunchScreen.storyboard;
			sourceTree = "<group>";
		};
/* End PBXVariantGroup section */

/* Begin XCBuildConfiguration section */
		6D850338239BFA8D003EDEEA /* Debug */ = {
			isa = XCBuildConfiguration;
			buildSettings = {
				ALWAYS_SEARCH_USER_PATHS = NO;
				CLANG_ANALYZER_NONNULL = YES;
				CLANG_ANALYZER_NUMBER_OBJECT_CONVERSION = YES_AGGRESSIVE;
				CLANG_CXX_LANGUAGE_STANDARD = "gnu++14";
				CLANG_CXX_LIBRARY = "libc++";
				CLANG_ENABLE_MODULES = YES;
				CLANG_ENABLE_OBJC_ARC = YES;
				CLANG_ENABLE_OBJC_WEAK = YES;
				CLANG_WARN_BLOCK_CAPTURE_AUTORELEASING = YES;
				CLANG_WARN_BOOL_CONVERSION = YES;
				CLANG_WARN_COMMA = YES;
				CLANG_WARN_CONSTANT_CONVERSION = YES;
				CLANG_WARN_DEPRECATED_OBJC_IMPLEMENTATIONS = YES;
				CLANG_WARN_DIRECT_OBJC_ISA_USAGE = YES_ERROR;
				CLANG_WARN_DOCUMENTATION_COMMENTS = YES;
				CLANG_WARN_EMPTY_BODY = YES;
				CLANG_WARN_ENUM_CONVERSION = YES;
				CLANG_WARN_INFINITE_RECURSION = YES;
				CLANG_WARN_INT_CONVERSION = YES;
				CLANG_WARN_NON_LITERAL_NULL_CONVERSION = YES;
				CLANG_WARN_OBJC_IMPLICIT_RETAIN_SELF = YES;
				CLANG_WARN_OBJC_LITERAL_CONVERSION = YES;
				CLANG_WARN_OBJC_ROOT_CLASS = YES_ERROR;
				CLANG_WARN_RANGE_LOOP_ANALYSIS = YES;
				CLANG_WARN_STRICT_PROTOTYPES = YES;
				CLANG_WARN_SUSPICIOUS_MOVE = YES;
				CLANG_WARN_UNGUARDED_AVAILABILITY = YES_AGGRESSIVE;
				CLANG_WARN_UNREACHABLE_CODE = YES;
				CLANG_WARN__DUPLICATE_METHOD_MATCH = YES;
				CODE_SIGN_IDENTITY = "iPhone Developer";
				COPY_PHASE_STRIP = NO;
				DEBUG_INFORMATION_FORMAT = dwarf;
				ENABLE_STRICT_OBJC_MSGSEND = YES;
				ENABLE_TESTABILITY = YES;
				GCC_C_LANGUAGE_STANDARD = gnu11;
				GCC_DYNAMIC_NO_PIC = NO;
				GCC_NO_COMMON_BLOCKS = YES;
				GCC_OPTIMIZATION_LEVEL = 0;
				GCC_PREPROCESSOR_DEFINITIONS = (
					"DEBUG=1",
					"$(inherited)",
				);
				GCC_WARN_64_TO_32_BIT_CONVERSION = YES;
				GCC_WARN_ABOUT_RETURN_TYPE = YES_ERROR;
				GCC_WARN_UNDECLARED_SELECTOR = YES;
				GCC_WARN_UNINITIALIZED_AUTOS = YES_AGGRESSIVE;
				GCC_WARN_UNUSED_FUNCTION = YES;
				GCC_WARN_UNUSED_VARIABLE = YES;
				IPHONEOS_DEPLOYMENT_TARGET = 12.4;
				MTL_ENABLE_DEBUG_INFO = INCLUDE_SOURCE;
				MTL_FAST_MATH = YES;
				ONLY_ACTIVE_ARCH = YES;
				SDKROOT = iphoneos;
				SWIFT_ACTIVE_COMPILATION_CONDITIONS = DEBUG;
				SWIFT_OPTIMIZATION_LEVEL = "-Onone";
			};
			name = Debug;
		};
		6D850339239BFA8D003EDEEA /* Release */ = {
			isa = XCBuildConfiguration;
			buildSettings = {
				ALWAYS_SEARCH_USER_PATHS = NO;
				CLANG_ANALYZER_NONNULL = YES;
				CLANG_ANALYZER_NUMBER_OBJECT_CONVERSION = YES_AGGRESSIVE;
				CLANG_CXX_LANGUAGE_STANDARD = "gnu++14";
				CLANG_CXX_LIBRARY = "libc++";
				CLANG_ENABLE_MODULES = YES;
				CLANG_ENABLE_OBJC_ARC = YES;
				CLANG_ENABLE_OBJC_WEAK = YES;
				CLANG_WARN_BLOCK_CAPTURE_AUTORELEASING = YES;
				CLANG_WARN_BOOL_CONVERSION = YES;
				CLANG_WARN_COMMA = YES;
				CLANG_WARN_CONSTANT_CONVERSION = YES;
				CLANG_WARN_DEPRECATED_OBJC_IMPLEMENTATIONS = YES;
				CLANG_WARN_DIRECT_OBJC_ISA_USAGE = YES_ERROR;
				CLANG_WARN_DOCUMENTATION_COMMENTS = YES;
				CLANG_WARN_EMPTY_BODY = YES;
				CLANG_WARN_ENUM_CONVERSION = YES;
				CLANG_WARN_INFINITE_RECURSION = YES;
				CLANG_WARN_INT_CONVERSION = YES;
				CLANG_WARN_NON_LITERAL_NULL_CONVERSION = YES;
				CLANG_WARN_OBJC_IMPLICIT_RETAIN_SELF = YES;
				CLANG_WARN_OBJC_LITERAL_CONVERSION = YES;
				CLANG_WARN_OBJC_ROOT_CLASS = YES_ERROR;
				CLANG_WARN_RANGE_LOOP_ANALYSIS = YES;
				CLANG_WARN_STRICT_PROTOTYPES = YES;
				CLANG_WARN_SUSPICIOUS_MOVE = YES;
				CLANG_WARN_UNGUARDED_AVAILABILITY = YES_AGGRESSIVE;
				CLANG_WARN_UNREACHABLE_CODE = YES;
				CLANG_WARN__DUPLICATE_METHOD_MATCH = YES;
				CODE_SIGN_IDENTITY = "iPhone Developer";
				COPY_PHASE_STRIP = NO;
				DEBUG_INFORMATION_FORMAT = "dwarf-with-dsym";
				ENABLE_NS_ASSERTIONS = NO;
				ENABLE_STRICT_OBJC_MSGSEND = YES;
				GCC_C_LANGUAGE_STANDARD = gnu11;
				GCC_NO_COMMON_BLOCKS = YES;
				GCC_WARN_64_TO_32_BIT_CONVERSION = YES;
				GCC_WARN_ABOUT_RETURN_TYPE = YES_ERROR;
				GCC_WARN_UNDECLARED_SELECTOR = YES;
				GCC_WARN_UNINITIALIZED_AUTOS = YES_AGGRESSIVE;
				GCC_WARN_UNUSED_FUNCTION = YES;
				GCC_WARN_UNUSED_VARIABLE = YES;
				IPHONEOS_DEPLOYMENT_TARGET = 12.4;
				MTL_ENABLE_DEBUG_INFO = NO;
				MTL_FAST_MATH = YES;
				SDKROOT = iphoneos;
				SWIFT_COMPILATION_MODE = wholemodule;
				SWIFT_OPTIMIZATION_LEVEL = "-O";
				VALIDATE_PRODUCT = YES;
			};
			name = Release;
		};
		6D85033B239BFA8D003EDEEA /* Debug */ = {
			isa = XCBuildConfiguration;
			buildSettings = {
				ASSETCATALOG_COMPILER_APPICON_NAME = AppIcon;
				CODE_SIGN_STYLE = Automatic;
				INFOPLIST_FILE = CoredataApp/Info.plist;
				LD_RUNPATH_SEARCH_PATHS = (
					"$(inherited)",
					"@executable_path/Frameworks",
				);
				PRODUCT_BUNDLE_IDENTIFIER = DefineLab.CoredataApp;
				PRODUCT_NAME = "$(TARGET_NAME)";
				SWIFT_VERSION = 5.0;
				TARGETED_DEVICE_FAMILY = "1,2";
			};
			name = Debug;
		};
		6D85033C239BFA8D003EDEEA /* Release */ = {
			isa = XCBuildConfiguration;
			buildSettings = {
				ASSETCATALOG_COMPILER_APPICON_NAME = AppIcon;
				CODE_SIGN_STYLE = Automatic;
				INFOPLIST_FILE = CoredataApp/Info.plist;
				LD_RUNPATH_SEARCH_PATHS = (
					"$(inherited)",
					"@executable_path/Frameworks",
				);
				PRODUCT_BUNDLE_IDENTIFIER = DefineLab.CoredataApp;
				PRODUCT_NAME = "$(TARGET_NAME)";
				SWIFT_VERSION = 5.0;
				TARGETED_DEVICE_FAMILY = "1,2";
			};
			name = Release;
		};
/* End XCBuildConfiguration section */

/* Begin XCConfigurationList section */
		6D850320239BFA8B003EDEEA /* Build configuration list for PBXProject "CoredataApp" */ = {
			isa = XCConfigurationList;
			buildConfigurations = (
				6D850338239BFA8D003EDEEA /* Debug */,
				6D850339239BFA8D003EDEEA /* Release */,
			);
			defaultConfigurationIsVisible = 0;
			defaultConfigurationName = Release;
		};
		6D85033A239BFA8D003EDEEA /* Build configuration list for PBXNativeTarget "CoredataApp" */ = {
			isa = XCConfigurationList;
			buildConfigurations = (
				6D85033B239BFA8D003EDEEA /* Debug */,
				6D85033C239BFA8D003EDEEA /* Release */,
			);
			defaultConfigurationIsVisible = 0;
			defaultConfigurationName = Release;
		};
/* End XCConfigurationList section */

/* Begin XCVersionGroup section */
		6D85032F239BFA8B003EDEEA /* CoredataApp.xcdatamodeld */ = {
			isa = XCVersionGroup;
			children = (
				6D850330239BFA8B003EDEEA /* CoredataApp.xcdatamodel */,
			);
			currentVersion = 6D850330239BFA8B003EDEEA /* CoredataApp.xcdatamodel */;
			path = CoredataApp.xcdatamodeld;
			sourceTree = "<group>";
			versionGroupType = wrapper.xcdatamodel;
		};
/* End XCVersionGroup section */
	};
	rootObject = 6D85031D239BFA8B003EDEEA /* Project object */;
}
