// !$*UTF8*$!
{
	archiveVersion = 1;
	classes = {
	};
	objectVersion = 50;
	objects = {

/* Begin PBXBuildFile section */
		B1FD0FD923883AA700C313F5 /* AppDelegate.swift in Sources */ = {isa = PBXBuildFile; fileRef = B1FD0FD823883AA700C313F5 /* AppDelegate.swift */; };
		B1FD0FDB23883AA700C313F5 /* ViewController.swift in Sources */ = {isa = PBXBuildFile; fileRef = B1FD0FDA23883AA700C313F5 /* ViewController.swift */; };
		B1FD0FDE23883AA700C313F5 /* Main.storyboard in Resources */ = {isa = PBXBuildFile; fileRef = B1FD0FDC23883AA700C313F5 /* Main.storyboard */; };
		B1FD0FE123883AA700C313F5 /* Task_5.xcdatamodeld in Sources */ = {isa = PBXBuildFile; fileRef = B1FD0FDF23883AA700C313F5 /* Task_5.xcdatamodeld */; };
		B1FD0FE323883AA800C313F5 /* Assets.xcassets in Resources */ = {isa = PBXBuildFile; fileRef = B1FD0FE223883AA800C313F5 /* Assets.xcassets */; };
		B1FD0FE623883AA800C313F5 /* LaunchScreen.storyboard in Resources */ = {isa = PBXBuildFile; fileRef = B1FD0FE423883AA800C313F5 /* LaunchScreen.storyboard */; };
		B1FD0FF123883AA900C313F5 /* Task_5Tests.swift in Sources */ = {isa = PBXBuildFile; fileRef = B1FD0FF023883AA900C313F5 /* Task_5Tests.swift */; };
		B1FD0FFC23883AA900C313F5 /* Task_5UITests.swift in Sources */ = {isa = PBXBuildFile; fileRef = B1FD0FFB23883AA900C313F5 /* Task_5UITests.swift */; };
		B1FD100A2388423700C313F5 /* MyCollectionViewCell.swift in Sources */ = {isa = PBXBuildFile; fileRef = B1FD10092388423700C313F5 /* MyCollectionViewCell.swift */; };
		B1FD100C238852D700C313F5 /* NextViewController.swift in Sources */ = {isa = PBXBuildFile; fileRef = B1FD100B238852D700C313F5 /* NextViewController.swift */; };
/* End PBXBuildFile section */

/* Begin PBXContainerItemProxy section */
		B1FD0FED23883AA900C313F5 /* PBXContainerItemProxy */ = {
			isa = PBXContainerItemProxy;
			containerPortal = B1FD0FCD23883AA700C313F5 /* Project object */;
			proxyType = 1;
			remoteGlobalIDString = B1FD0FD423883AA700C313F5;
			remoteInfo = Task_5;
		};
		B1FD0FF823883AA900C313F5 /* PBXContainerItemProxy */ = {
			isa = PBXContainerItemProxy;
			containerPortal = B1FD0FCD23883AA700C313F5 /* Project object */;
			proxyType = 1;
			remoteGlobalIDString = B1FD0FD423883AA700C313F5;
			remoteInfo = Task_5;
		};
/* End PBXContainerItemProxy section */

/* Begin PBXFileReference section */
		B1FD0FD523883AA700C313F5 /* DataPassingToView.app */ = {isa = PBXFileReference; explicitFileType = wrapper.application; includeInIndex = 0; path = DataPassingToView.app; sourceTree = BUILT_PRODUCTS_DIR; };
		B1FD0FD823883AA700C313F5 /* AppDelegate.swift */ = {isa = PBXFileReference; lastKnownFileType = sourcecode.swift; path = AppDelegate.swift; sourceTree = "<group>"; };
		B1FD0FDA23883AA700C313F5 /* ViewController.swift */ = {isa = PBXFileReference; lastKnownFileType = sourcecode.swift; path = ViewController.swift; sourceTree = "<group>"; };
		B1FD0FDD23883AA700C313F5 /* Base */ = {isa = PBXFileReference; lastKnownFileType = file.storyboard; name = Base; path = Base.lproj/Main.storyboard; sourceTree = "<group>"; };
		B1FD0FE023883AA700C313F5 /* Task_5.xcdatamodel */ = {isa = PBXFileReference; lastKnownFileType = wrapper.xcdatamodel; path = Task_5.xcdatamodel; sourceTree = "<group>"; };
		B1FD0FE223883AA800C313F5 /* Assets.xcassets */ = {isa = PBXFileReference; lastKnownFileType = folder.assetcatalog; path = Assets.xcassets; sourceTree = "<group>"; };
		B1FD0FE523883AA800C313F5 /* Base */ = {isa = PBXFileReference; lastKnownFileType = file.storyboard; name = Base; path = Base.lproj/LaunchScreen.storyboard; sourceTree = "<group>"; };
		B1FD0FE723883AA800C313F5 /* Info.plist */ = {isa = PBXFileReference; lastKnownFileType = text.plist.xml; path = Info.plist; sourceTree = "<group>"; };
		B1FD0FEC23883AA900C313F5 /* DataPassingToViewTests.xctest */ = {isa = PBXFileReference; explicitFileType = wrapper.cfbundle; includeInIndex = 0; path = DataPassingToViewTests.xctest; sourceTree = BUILT_PRODUCTS_DIR; };
		B1FD0FF023883AA900C313F5 /* Task_5Tests.swift */ = {isa = PBXFileReference; lastKnownFileType = sourcecode.swift; path = Task_5Tests.swift; sourceTree = "<group>"; };
		B1FD0FF223883AA900C313F5 /* Info.plist */ = {isa = PBXFileReference; lastKnownFileType = text.plist.xml; path = Info.plist; sourceTree = "<group>"; };
		B1FD0FF723883AA900C313F5 /* DataPassingToViewUITests.xctest */ = {isa = PBXFileReference; explicitFileType = wrapper.cfbundle; includeInIndex = 0; path = DataPassingToViewUITests.xctest; sourceTree = BUILT_PRODUCTS_DIR; };
		B1FD0FFB23883AA900C313F5 /* Task_5UITests.swift */ = {isa = PBXFileReference; lastKnownFileType = sourcecode.swift; path = Task_5UITests.swift; sourceTree = "<group>"; };
		B1FD0FFD23883AA900C313F5 /* Info.plist */ = {isa = PBXFileReference; lastKnownFileType = text.plist.xml; path = Info.plist; sourceTree = "<group>"; };
		B1FD10092388423700C313F5 /* MyCollectionViewCell.swift */ = {isa = PBXFileReference; lastKnownFileType = sourcecode.swift; path = MyCollectionViewCell.swift; sourceTree = "<group>"; };
		B1FD100B238852D700C313F5 /* NextViewController.swift */ = {isa = PBXFileReference; lastKnownFileType = sourcecode.swift; path = NextViewController.swift; sourceTree = "<group>"; };
/* End PBXFileReference section */

/* Begin PBXFrameworksBuildPhase section */
		B1FD0FD223883AA700C313F5 /* Frameworks */ = {
			isa = PBXFrameworksBuildPhase;
			buildActionMask = 2147483647;
			files = (
			);
			runOnlyForDeploymentPostprocessing = 0;
		};
		B1FD0FE923883AA900C313F5 /* Frameworks */ = {
			isa = PBXFrameworksBuildPhase;
			buildActionMask = 2147483647;
			files = (
			);
			runOnlyForDeploymentPostprocessing = 0;
		};
		B1FD0FF423883AA900C313F5 /* Frameworks */ = {
			isa = PBXFrameworksBuildPhase;
			buildActionMask = 2147483647;
			files = (
			);
			runOnlyForDeploymentPostprocessing = 0;
		};
/* End PBXFrameworksBuildPhase section */

/* Begin PBXGroup section */
		B1FD0FCC23883AA700C313F5 = {
			isa = PBXGroup;
			children = (
				B1FD0FD723883AA700C313F5 /* DataPassingToView */,
				B1FD0FEF23883AA900C313F5 /* Task_5Tests */,
				B1FD0FFA23883AA900C313F5 /* Task_5UITests */,
				B1FD0FD623883AA700C313F5 /* Products */,
			);
			sourceTree = "<group>";
		};
		B1FD0FD623883AA700C313F5 /* Products */ = {
			isa = PBXGroup;
			children = (
				B1FD0FD523883AA700C313F5 /* DataPassingToView.app */,
				B1FD0FEC23883AA900C313F5 /* DataPassingToViewTests.xctest */,
				B1FD0FF723883AA900C313F5 /* DataPassingToViewUITests.xctest */,
			);
			name = Products;
			sourceTree = "<group>";
		};
		B1FD0FD723883AA700C313F5 /* DataPassingToView */ = {
			isa = PBXGroup;
			children = (
				B1FD0FD823883AA700C313F5 /* AppDelegate.swift */,
				B1FD0FDA23883AA700C313F5 /* ViewController.swift */,
				B1FD0FDC23883AA700C313F5 /* Main.storyboard */,
				B1FD0FE223883AA800C313F5 /* Assets.xcassets */,
				B1FD0FE423883AA800C313F5 /* LaunchScreen.storyboard */,
				B1FD0FE723883AA800C313F5 /* Info.plist */,
				B1FD0FDF23883AA700C313F5 /* Task_5.xcdatamodeld */,
				B1FD10092388423700C313F5 /* MyCollectionViewCell.swift */,
				B1FD100B238852D700C313F5 /* NextViewController.swift */,
			);
			path = DataPassingToView;
			sourceTree = "<group>";
		};
		B1FD0FEF23883AA900C313F5 /* Task_5Tests */ = {
			isa = PBXGroup;
			children = (
				B1FD0FF023883AA900C313F5 /* Task_5Tests.swift */,
				B1FD0FF223883AA900C313F5 /* Info.plist */,
			);
			path = Task_5Tests;
			sourceTree = "<group>";
		};
		B1FD0FFA23883AA900C313F5 /* Task_5UITests */ = {
			isa = PBXGroup;
			children = (
				B1FD0FFB23883AA900C313F5 /* Task_5UITests.swift */,
				B1FD0FFD23883AA900C313F5 /* Info.plist */,
			);
			path = Task_5UITests;
			sourceTree = "<group>";
		};
/* End PBXGroup section */

/* Begin PBXNativeTarget section */
		B1FD0FD423883AA700C313F5 /* DataPassingToView */ = {
			isa = PBXNativeTarget;
			buildConfigurationList = B1FD100023883AA900C313F5 /* Build configuration list for PBXNativeTarget "DataPassingToView" */;
			buildPhases = (
				B1FD0FD123883AA700C313F5 /* Sources */,
				B1FD0FD223883AA700C313F5 /* Frameworks */,
				B1FD0FD323883AA700C313F5 /* Resources */,
			);
			buildRules = (
			);
			dependencies = (
			);
			name = DataPassingToView;
			productName = Task_5;
			productReference = B1FD0FD523883AA700C313F5 /* DataPassingToView.app */;
			productType = "com.apple.product-type.application";
		};
		B1FD0FEB23883AA900C313F5 /* DataPassingToViewTests */ = {
			isa = PBXNativeTarget;
			buildConfigurationList = B1FD100323883AA900C313F5 /* Build configuration list for PBXNativeTarget "DataPassingToViewTests" */;
			buildPhases = (
				B1FD0FE823883AA900C313F5 /* Sources */,
				B1FD0FE923883AA900C313F5 /* Frameworks */,
				B1FD0FEA23883AA900C313F5 /* Resources */,
			);
			buildRules = (
			);
			dependencies = (
				B1FD0FEE23883AA900C313F5 /* PBXTargetDependency */,
			);
			name = DataPassingToViewTests;
			productName = Task_5Tests;
			productReference = B1FD0FEC23883AA900C313F5 /* DataPassingToViewTests.xctest */;
			productType = "com.apple.product-type.bundle.unit-test";
		};
		B1FD0FF623883AA900C313F5 /* DataPassingToViewUITests */ = {
			isa = PBXNativeTarget;
			buildConfigurationList = B1FD100623883AA900C313F5 /* Build configuration list for PBXNativeTarget "DataPassingToViewUITests" */;
			buildPhases = (
				B1FD0FF323883AA900C313F5 /* Sources */,
				B1FD0FF423883AA900C313F5 /* Frameworks */,
				B1FD0FF523883AA900C313F5 /* Resources */,
			);
			buildRules = (
			);
			dependencies = (
				B1FD0FF923883AA900C313F5 /* PBXTargetDependency */,
			);
			name = DataPassingToViewUITests;
			productName = Task_5UITests;
			productReference = B1FD0FF723883AA900C313F5 /* DataPassingToViewUITests.xctest */;
			productType = "com.apple.product-type.bundle.ui-testing";
		};
/* End PBXNativeTarget section */

/* Begin PBXProject section */
		B1FD0FCD23883AA700C313F5 /* Project object */ = {
			isa = PBXProject;
			attributes = {
				LastSwiftUpdateCheck = 1010;
				LastUpgradeCheck = 1010;
				ORGANIZATIONNAME = Thanos;
				TargetAttributes = {
					B1FD0FD423883AA700C313F5 = {
						CreatedOnToolsVersion = 10.1;
					};
					B1FD0FEB23883AA900C313F5 = {
						CreatedOnToolsVersion = 10.1;
						TestTargetID = B1FD0FD423883AA700C313F5;
					};
					B1FD0FF623883AA900C313F5 = {
						CreatedOnToolsVersion = 10.1;
						TestTargetID = B1FD0FD423883AA700C313F5;
					};
				};
			};
			buildConfigurationList = B1FD0FD023883AA700C313F5 /* Build configuration list for PBXProject "DataPassingToView" */;
			compatibilityVersion = "Xcode 9.3";
			developmentRegion = en;
			hasScannedForEncodings = 0;
			knownRegions = (
				en,
				Base,
			);
			mainGroup = B1FD0FCC23883AA700C313F5;
			productRefGroup = B1FD0FD623883AA700C313F5 /* Products */;
			projectDirPath = "";
			projectRoot = "";
			targets = (
				B1FD0FD423883AA700C313F5 /* DataPassingToView */,
				B1FD0FEB23883AA900C313F5 /* DataPassingToViewTests */,
				B1FD0FF623883AA900C313F5 /* DataPassingToViewUITests */,
			);
		};
/* End PBXProject section */

/* Begin PBXResourcesBuildPhase section */
		B1FD0FD323883AA700C313F5 /* Resources */ = {
			isa = PBXResourcesBuildPhase;
			buildActionMask = 2147483647;
			files = (
				B1FD0FE623883AA800C313F5 /* LaunchScreen.storyboard in Resources */,
				B1FD0FE323883AA800C313F5 /* Assets.xcassets in Resources */,
				B1FD0FDE23883AA700C313F5 /* Main.storyboard in Resources */,
			);
			runOnlyForDeploymentPostprocessing = 0;
		};
		B1FD0FEA23883AA900C313F5 /* Resources */ = {
			isa = PBXResourcesBuildPhase;
			buildActionMask = 2147483647;
			files = (
			);
			runOnlyForDeploymentPostprocessing = 0;
		};
		B1FD0FF523883AA900C313F5 /* Resources */ = {
			isa = PBXResourcesBuildPhase;
			buildActionMask = 2147483647;
			files = (
			);
			runOnlyForDeploymentPostprocessing = 0;
		};
/* End PBXResourcesBuildPhase section */

/* Begin PBXSourcesBuildPhase section */
		B1FD0FD123883AA700C313F5 /* Sources */ = {
			isa = PBXSourcesBuildPhase;
			buildActionMask = 2147483647;
			files = (
				B1FD100C238852D700C313F5 /* NextViewController.swift in Sources */,
				B1FD0FDB23883AA700C313F5 /* ViewController.swift in Sources */,
				B1FD0FD923883AA700C313F5 /* AppDelegate.swift in Sources */,
				B1FD100A2388423700C313F5 /* MyCollectionViewCell.swift in Sources */,
				B1FD0FE123883AA700C313F5 /* Task_5.xcdatamodeld in Sources */,
			);
			runOnlyForDeploymentPostprocessing = 0;
		};
		B1FD0FE823883AA900C313F5 /* Sources */ = {
			isa = PBXSourcesBuildPhase;
			buildActionMask = 2147483647;
			files = (
				B1FD0FF123883AA900C313F5 /* Task_5Tests.swift in Sources */,
			);
			runOnlyForDeploymentPostprocessing = 0;
		};
		B1FD0FF323883AA900C313F5 /* Sources */ = {
			isa = PBXSourcesBuildPhase;
			buildActionMask = 2147483647;
			files = (
				B1FD0FFC23883AA900C313F5 /* Task_5UITests.swift in Sources */,
			);
			runOnlyForDeploymentPostprocessing = 0;
		};
/* End PBXSourcesBuildPhase section */

/* Begin PBXTargetDependency section */
		B1FD0FEE23883AA900C313F5 /* PBXTargetDependency */ = {
			isa = PBXTargetDependency;
			target = B1FD0FD423883AA700C313F5 /* DataPassingToView */;
			targetProxy = B1FD0FED23883AA900C313F5 /* PBXContainerItemProxy */;
		};
		B1FD0FF923883AA900C313F5 /* PBXTargetDependency */ = {
			isa = PBXTargetDependency;
			target = B1FD0FD423883AA700C313F5 /* DataPassingToView */;
			targetProxy = B1FD0FF823883AA900C313F5 /* PBXContainerItemProxy */;
		};
/* End PBXTargetDependency section */

/* Begin PBXVariantGroup section */
		B1FD0FDC23883AA700C313F5 /* Main.storyboard */ = {
			isa = PBXVariantGroup;
			children = (
				B1FD0FDD23883AA700C313F5 /* Base */,
			);
			name = Main.storyboard;
			sourceTree = "<group>";
		};
		B1FD0FE423883AA800C313F5 /* LaunchScreen.storyboard */ = {
			isa = PBXVariantGroup;
			children = (
				B1FD0FE523883AA800C313F5 /* Base */,
			);
			name = LaunchScreen.storyboard;
			sourceTree = "<group>";
		};
/* End PBXVariantGroup section */

/* Begin XCBuildConfiguration section */
		B1FD0FFE23883AA900C313F5 /* Debug */ = {
			isa = XCBuildConfiguration;
			buildSettings = {
				ALWAYS_SEARCH_USER_PATHS = NO;
				CLANG_ANALYZER_NONNULL = YES;
				CLANG_ANALYZER_NUMBER_OBJECT_CONVERSION = YES_AGGRESSIVE;
				CLANG_CXX_LANGUAGE_STANDARD = "gnu++14";
				CLANG_CXX_LIBRARY = "libc++";
				CLANG_ENABLE_MODULES = YES;
				CLANG_ENABLE_OBJC_ARC = YES;
				CLANG_ENABLE_OBJC_WEAK = YES;
				CLANG_WARN_BLOCK_CAPTURE_AUTORELEASING = YES;
				CLANG_WARN_BOOL_CONVERSION = YES;
				CLANG_WARN_COMMA = YES;
				CLANG_WARN_CONSTANT_CONVERSION = YES;
				CLANG_WARN_DEPRECATED_OBJC_IMPLEMENTATIONS = YES;
				CLANG_WARN_DIRECT_OBJC_ISA_USAGE = YES_ERROR;
				CLANG_WARN_DOCUMENTATION_COMMENTS = YES;
				CLANG_WARN_EMPTY_BODY = YES;
				CLANG_WARN_ENUM_CONVERSION = YES;
				CLANG_WARN_INFINITE_RECURSION = YES;
				CLANG_WARN_INT_CONVERSION = YES;
				CLANG_WARN_NON_LITERAL_NULL_CONVERSION = YES;
				CLANG_WARN_OBJC_IMPLICIT_RETAIN_SELF = YES;
				CLANG_WARN_OBJC_LITERAL_CONVERSION = YES;
				CLANG_WARN_OBJC_ROOT_CLASS = YES_ERROR;
				CLANG_WARN_RANGE_LOOP_ANALYSIS = YES;
				CLANG_WARN_STRICT_PROTOTYPES = YES;
				CLANG_WARN_SUSPICIOUS_MOVE = YES;
				CLANG_WARN_UNGUARDED_AVAILABILITY = YES_AGGRESSIVE;
				CLANG_WARN_UNREACHABLE_CODE = YES;
				CLANG_WARN__DUPLICATE_METHOD_MATCH = YES;
				CODE_SIGN_IDENTITY = "iPhone Developer";
				COPY_PHASE_STRIP = NO;
				DEBUG_INFORMATION_FORMAT = dwarf;
				ENABLE_STRICT_OBJC_MSGSEND = YES;
				ENABLE_TESTABILITY = YES;
				GCC_C_LANGUAGE_STANDARD = gnu11;
				GCC_DYNAMIC_NO_PIC = NO;
				GCC_NO_COMMON_BLOCKS = YES;
				GCC_OPTIMIZATION_LEVEL = 0;
				GCC_PREPROCESSOR_DEFINITIONS = (
					"DEBUG=1",
					"$(inherited)",
				);
				GCC_WARN_64_TO_32_BIT_CONVERSION = YES;
				GCC_WARN_ABOUT_RETURN_TYPE = YES_ERROR;
				GCC_WARN_UNDECLARED_SELECTOR = YES;
				GCC_WARN_UNINITIALIZED_AUTOS = YES_AGGRESSIVE;
				GCC_WARN_UNUSED_FUNCTION = YES;
				GCC_WARN_UNUSED_VARIABLE = YES;
				IPHONEOS_DEPLOYMENT_TARGET = 12.1;
				MTL_ENABLE_DEBUG_INFO = INCLUDE_SOURCE;
				MTL_FAST_MATH = YES;
				ONLY_ACTIVE_ARCH = YES;
				SDKROOT = iphoneos;
				SWIFT_ACTIVE_COMPILATION_CONDITIONS = DEBUG;
				SWIFT_OPTIMIZATION_LEVEL = "-Onone";
			};
			name = Debug;
		};
		B1FD0FFF23883AA900C313F5 /* Release */ = {
			isa = XCBuildConfiguration;
			buildSettings = {
				ALWAYS_SEARCH_USER_PATHS = NO;
				CLANG_ANALYZER_NONNULL = YES;
				CLANG_ANALYZER_NUMBER_OBJECT_CONVERSION = YES_AGGRESSIVE;
				CLANG_CXX_LANGUAGE_STANDARD = "gnu++14";
				CLANG_CXX_LIBRARY = "libc++";
				CLANG_ENABLE_MODULES = YES;
				CLANG_ENABLE_OBJC_ARC = YES;
				CLANG_ENABLE_OBJC_WEAK = YES;
				CLANG_WARN_BLOCK_CAPTURE_AUTORELEASING = YES;
				CLANG_WARN_BOOL_CONVERSION = YES;
				CLANG_WARN_COMMA = YES;
				CLANG_WARN_CONSTANT_CONVERSION = YES;
				CLANG_WARN_DEPRECATED_OBJC_IMPLEMENTATIONS = YES;
				CLANG_WARN_DIRECT_OBJC_ISA_USAGE = YES_ERROR;
				CLANG_WARN_DOCUMENTATION_COMMENTS = YES;
				CLANG_WARN_EMPTY_BODY = YES;
				CLANG_WARN_ENUM_CONVERSION = YES;
				CLANG_WARN_INFINITE_RECURSION = YES;
				CLANG_WARN_INT_CONVERSION = YES;
				CLANG_WARN_NON_LITERAL_NULL_CONVERSION = YES;
				CLANG_WARN_OBJC_IMPLICIT_RETAIN_SELF = YES;
				CLANG_WARN_OBJC_LITERAL_CONVERSION = YES;
				CLANG_WARN_OBJC_ROOT_CLASS = YES_ERROR;
				CLANG_WARN_RANGE_LOOP_ANALYSIS = YES;
				CLANG_WARN_STRICT_PROTOTYPES = YES;
				CLANG_WARN_SUSPICIOUS_MOVE = YES;
				CLANG_WARN_UNGUARDED_AVAILABILITY = YES_AGGRESSIVE;
				CLANG_WARN_UNREACHABLE_CODE = YES;
				CLANG_WARN__DUPLICATE_METHOD_MATCH = YES;
				CODE_SIGN_IDENTITY = "iPhone Developer";
				COPY_PHASE_STRIP = NO;
				DEBUG_INFORMATION_FORMAT = "dwarf-with-dsym";
				ENABLE_NS_ASSERTIONS = NO;
				ENABLE_STRICT_OBJC_MSGSEND = YES;
				GCC_C_LANGUAGE_STANDARD = gnu11;
				GCC_NO_COMMON_BLOCKS = YES;
				GCC_WARN_64_TO_32_BIT_CONVERSION = YES;
				GCC_WARN_ABOUT_RETURN_TYPE = YES_ERROR;
				GCC_WARN_UNDECLARED_SELECTOR = YES;
				GCC_WARN_UNINITIALIZED_AUTOS = YES_AGGRESSIVE;
				GCC_WARN_UNUSED_FUNCTION = YES;
				GCC_WARN_UNUSED_VARIABLE = YES;
				IPHONEOS_DEPLOYMENT_TARGET = 12.1;
				MTL_ENABLE_DEBUG_INFO = NO;
				MTL_FAST_MATH = YES;
				SDKROOT = iphoneos;
				SWIFT_COMPILATION_MODE = wholemodule;
				SWIFT_OPTIMIZATION_LEVEL = "-O";
				VALIDATE_PRODUCT = YES;
			};
			name = Release;
		};
		B1FD100123883AA900C313F5 /* Debug */ = {
			isa = XCBuildConfiguration;
			buildSettings = {
				ASSETCATALOG_COMPILER_APPICON_NAME = AppIcon;
				CODE_SIGN_STYLE = Automatic;
				INFOPLIST_FILE = "$(SRCROOT)/Task_5UITests/Info.plist";
				LD_RUNPATH_SEARCH_PATHS = (
					"$(inherited)",
					"@executable_path/Frameworks",
				);
				PRODUCT_BUNDLE_IDENTIFIER = "com.iOS.Demo.Task-5";
				PRODUCT_NAME = "$(TARGET_NAME)";
				SWIFT_VERSION = 4.2;
				TARGETED_DEVICE_FAMILY = "1,2";
			};
			name = Debug;
		};
		B1FD100223883AA900C313F5 /* Release */ = {
			isa = XCBuildConfiguration;
			buildSettings = {
				ASSETCATALOG_COMPILER_APPICON_NAME = AppIcon;
				CODE_SIGN_STYLE = Automatic;
				INFOPLIST_FILE = "$(SRCROOT)/Task_5UITests/Info.plist";
				LD_RUNPATH_SEARCH_PATHS = (
					"$(inherited)",
					"@executable_path/Frameworks",
				);
				PRODUCT_BUNDLE_IDENTIFIER = "com.iOS.Demo.Task-5";
				PRODUCT_NAME = "$(TARGET_NAME)";
				SWIFT_VERSION = 4.2;
				TARGETED_DEVICE_FAMILY = "1,2";
			};
			name = Release;
		};
		B1FD100423883AA900C313F5 /* Debug */ = {
			isa = XCBuildConfiguration;
			buildSettings = {
				ALWAYS_EMBED_SWIFT_STANDARD_LIBRARIES = YES;
				BUNDLE_LOADER = "$(TEST_HOST)";
				CODE_SIGN_STYLE = Automatic;
				INFOPLIST_FILE = Task_5Tests/Info.plist;
				LD_RUNPATH_SEARCH_PATHS = (
					"$(inherited)",
					"@executable_path/Frameworks",
					"@loader_path/Frameworks",
				);
				PRODUCT_BUNDLE_IDENTIFIER = "com.iOS.Demo.Task-5Tests";
				PRODUCT_NAME = "$(TARGET_NAME)";
				SWIFT_VERSION = 4.2;
				TARGETED_DEVICE_FAMILY = "1,2";
				TEST_HOST = "$(BUILT_PRODUCTS_DIR)/DataPassingToView.app/DataPassingToView";
			};
			name = Debug;
		};
		B1FD100523883AA900C313F5 /* Release */ = {
			isa = XCBuildConfiguration;
			buildSettings = {
				ALWAYS_EMBED_SWIFT_STANDARD_LIBRARIES = YES;
				BUNDLE_LOADER = "$(TEST_HOST)";
				CODE_SIGN_STYLE = Automatic;
				INFOPLIST_FILE = Task_5Tests/Info.plist;
				LD_RUNPATH_SEARCH_PATHS = (
					"$(inherited)",
					"@executable_path/Frameworks",
					"@loader_path/Frameworks",
				);
				PRODUCT_BUNDLE_IDENTIFIER = "com.iOS.Demo.Task-5Tests";
				PRODUCT_NAME = "$(TARGET_NAME)";
				SWIFT_VERSION = 4.2;
				TARGETED_DEVICE_FAMILY = "1,2";
				TEST_HOST = "$(BUILT_PRODUCTS_DIR)/DataPassingToView.app/DataPassingToView";
			};
			name = Release;
		};
		B1FD100723883AA900C313F5 /* Debug */ = {
			isa = XCBuildConfiguration;
			buildSettings = {
				ALWAYS_EMBED_SWIFT_STANDARD_LIBRARIES = YES;
				CODE_SIGN_STYLE = Automatic;
				INFOPLIST_FILE = Task_5UITests/Info.plist;
				LD_RUNPATH_SEARCH_PATHS = (
					"$(inherited)",
					"@executable_path/Frameworks",
					"@loader_path/Frameworks",
				);
				PRODUCT_BUNDLE_IDENTIFIER = "com.iOS.Demo.Task-5UITests";
				PRODUCT_NAME = "$(TARGET_NAME)";
				SWIFT_VERSION = 4.2;
				TARGETED_DEVICE_FAMILY = "1,2";
				TEST_TARGET_NAME = Task_5;
			};
			name = Debug;
		};
		B1FD100823883AA900C313F5 /* Release */ = {
			isa = XCBuildConfiguration;
			buildSettings = {
				ALWAYS_EMBED_SWIFT_STANDARD_LIBRARIES = YES;
				CODE_SIGN_STYLE = Automatic;
				INFOPLIST_FILE = Task_5UITests/Info.plist;
				LD_RUNPATH_SEARCH_PATHS = (
					"$(inherited)",
					"@executable_path/Frameworks",
					"@loader_path/Frameworks",
				);
				PRODUCT_BUNDLE_IDENTIFIER = "com.iOS.Demo.Task-5UITests";
				PRODUCT_NAME = "$(TARGET_NAME)";
				SWIFT_VERSION = 4.2;
				TARGETED_DEVICE_FAMILY = "1,2";
				TEST_TARGET_NAME = Task_5;
			};
			name = Release;
		};
/* End XCBuildConfiguration section */

/* Begin XCConfigurationList section */
		B1FD0FD023883AA700C313F5 /* Build configuration list for PBXProject "DataPassingToView" */ = {
			isa = XCConfigurationList;
			buildConfigurations = (
				B1FD0FFE23883AA900C313F5 /* Debug */,
				B1FD0FFF23883AA900C313F5 /* Release */,
			);
			defaultConfigurationIsVisible = 0;
			defaultConfigurationName = Release;
		};
		B1FD100023883AA900C313F5 /* Build configuration list for PBXNativeTarget "DataPassingToView" */ = {
			isa = XCConfigurationList;
			buildConfigurations = (
				B1FD100123883AA900C313F5 /* Debug */,
				B1FD100223883AA900C313F5 /* Release */,
			);
			defaultConfigurationIsVisible = 0;
			defaultConfigurationName = Release;
		};
		B1FD100323883AA900C313F5 /* Build configuration list for PBXNativeTarget "DataPassingToViewTests" */ = {
			isa = XCConfigurationList;
			buildConfigurations = (
				B1FD100423883AA900C313F5 /* Debug */,
				B1FD100523883AA900C313F5 /* Release */,
			);
			defaultConfigurationIsVisible = 0;
			defaultConfigurationName = Release;
		};
		B1FD100623883AA900C313F5 /* Build configuration list for PBXNativeTarget "DataPassingToViewUITests" */ = {
			isa = XCConfigurationList;
			buildConfigurations = (
				B1FD100723883AA900C313F5 /* Debug */,
				B1FD100823883AA900C313F5 /* Release */,
			);
			defaultConfigurationIsVisible = 0;
			defaultConfigurationName = Release;
		};
/* End XCConfigurationList section */

/* Begin XCVersionGroup section */
		B1FD0FDF23883AA700C313F5 /* Task_5.xcdatamodeld */ = {
			isa = XCVersionGroup;
			children = (
				B1FD0FE023883AA700C313F5 /* Task_5.xcdatamodel */,
			);
			currentVersion = B1FD0FE023883AA700C313F5 /* Task_5.xcdatamodel */;
			path = Task_5.xcdatamodeld;
			sourceTree = "<group>";
			versionGroupType = wrapper.xcdatamodel;
		};
/* End XCVersionGroup section */
	};
	rootObject = B1FD0FCD23883AA700C313F5 /* Project object */;
}
